// !$*UTF8*$!
{
	archiveVersion = 1;
	classes = {
	};
	objectVersion = 47;
	objects = {

/* Begin PBXBuildFile section */
		CCA089511FB1C82700D34E7A /* KeyboardLayoutConstraint.swift in Sources */ = {isa = PBXBuildFile; fileRef = CCA089331FB1C82400D34E7A /* KeyboardLayoutConstraint.swift */; };
		CCA089521FB1C82700D34E7A /* AutoTextView.swift in Sources */ = {isa = PBXBuildFile; fileRef = CCA089341FB1C82400D34E7A /* AutoTextView.swift */; };
		CCA089531FB1C82700D34E7A /* SpringTextView.swift in Sources */ = {isa = PBXBuildFile; fileRef = CCA089351FB1C82400D34E7A /* SpringTextView.swift */; };
		CCA089541FB1C82700D34E7A /* SpringTextField.swift in Sources */ = {isa = PBXBuildFile; fileRef = CCA089361FB1C82400D34E7A /* SpringTextField.swift */; };
		CCA089551FB1C82700D34E7A /* SpringAnimation.swift in Sources */ = {isa = PBXBuildFile; fileRef = CCA089371FB1C82400D34E7A /* SpringAnimation.swift */; };
		CCA089561FB1C82700D34E7A /* DesignableLabel.swift in Sources */ = {isa = PBXBuildFile; fileRef = CCA089391FB1C82500D34E7A /* DesignableLabel.swift */; };
		CCA089571FB1C82700D34E7A /* DesignableButton.swift in Sources */ = {isa = PBXBuildFile; fileRef = CCA0893A1FB1C82500D34E7A /* DesignableButton.swift */; };
		CCA089581FB1C82700D34E7A /* Misc.swift in Sources */ = {isa = PBXBuildFile; fileRef = CCA0893B1FB1C82500D34E7A /* Misc.swift */; };
		CCA089591FB1C82700D34E7A /* SoundPlayer.swift in Sources */ = {isa = PBXBuildFile; fileRef = CCA0893C1FB1C82500D34E7A /* SoundPlayer.swift */; };
		CCA0895A1FB1C82700D34E7A /* SpringButton.swift in Sources */ = {isa = PBXBuildFile; fileRef = CCA0893D1FB1C82500D34E7A /* SpringButton.swift */; };
		CCA0895B1FB1C82700D34E7A /* LoadingView.swift in Sources */ = {isa = PBXBuildFile; fileRef = CCA0893E1FB1C82500D34E7A /* LoadingView.swift */; };
		CCA0895C1FB1C82700D34E7A /* Spring.swift in Sources */ = {isa = PBXBuildFile; fileRef = CCA0893F1FB1C82500D34E7A /* Spring.swift */; };
		CCA0895D1FB1C82700D34E7A /* AsyncImageView.swift in Sources */ = {isa = PBXBuildFile; fileRef = CCA089401FB1C82500D34E7A /* AsyncImageView.swift */; };
		CCA0895E1FB1C82700D34E7A /* DesignableImageView.swift in Sources */ = {isa = PBXBuildFile; fileRef = CCA089411FB1C82500D34E7A /* DesignableImageView.swift */; };
		CCA0895F1FB1C82700D34E7A /* AsyncButton.swift in Sources */ = {isa = PBXBuildFile; fileRef = CCA089421FB1C82500D34E7A /* AsyncButton.swift */; };
		CCA089601FB1C82700D34E7A /* DesignableView.swift in Sources */ = {isa = PBXBuildFile; fileRef = CCA089431FB1C82500D34E7A /* DesignableView.swift */; };
		CCA089611FB1C82700D34E7A /* Info.plist in Resources */ = {isa = PBXBuildFile; fileRef = CCA089441FB1C82600D34E7A /* Info.plist */; };
		CCA089621FB1C82700D34E7A /* SpringView.swift in Sources */ = {isa = PBXBuildFile; fileRef = CCA089451FB1C82600D34E7A /* SpringView.swift */; };
		CCA089631FB1C82700D34E7A /* DesignableTabBarController.swift in Sources */ = {isa = PBXBuildFile; fileRef = CCA089461FB1C82600D34E7A /* DesignableTabBarController.swift */; };
		CCA089641FB1C82700D34E7A /* TransitionManager.swift in Sources */ = {isa = PBXBuildFile; fileRef = CCA089471FB1C82600D34E7A /* TransitionManager.swift */; };
		CCA089651FB1C82700D34E7A /* BlurView.swift in Sources */ = {isa = PBXBuildFile; fileRef = CCA089481FB1C82600D34E7A /* BlurView.swift */; };
		CCA089661FB1C82700D34E7A /* UnwindSegue.swift in Sources */ = {isa = PBXBuildFile; fileRef = CCA089491FB1C82600D34E7A /* UnwindSegue.swift */; };
		CCA089671FB1C82700D34E7A /* SpringImageView.swift in Sources */ = {isa = PBXBuildFile; fileRef = CCA0894A1FB1C82600D34E7A /* SpringImageView.swift */; };
		CCA089681FB1C82700D34E7A /* TransitionZoom.swift in Sources */ = {isa = PBXBuildFile; fileRef = CCA0894B1FB1C82600D34E7A /* TransitionZoom.swift */; };
		CCA089691FB1C82700D34E7A /* SpringLabel.swift in Sources */ = {isa = PBXBuildFile; fileRef = CCA0894C1FB1C82700D34E7A /* SpringLabel.swift */; };
		CCA0896A1FB1C82700D34E7A /* ImageLoader.swift in Sources */ = {isa = PBXBuildFile; fileRef = CCA0894D1FB1C82700D34E7A /* ImageLoader.swift */; };
		CCA0896B1FB1C82700D34E7A /* DesignableTextView.swift in Sources */ = {isa = PBXBuildFile; fileRef = CCA0894E1FB1C82700D34E7A /* DesignableTextView.swift */; };
		CCA0896C1FB1C82700D34E7A /* DesignableTextField.swift in Sources */ = {isa = PBXBuildFile; fileRef = CCA0894F1FB1C82700D34E7A /* DesignableTextField.swift */; };
		CCA0896D1FB1C82700D34E7A /* LoadingView.xib in Resources */ = {isa = PBXBuildFile; fileRef = CCA089501FB1C82700D34E7A /* LoadingView.xib */; };
		CCA089791FB1EA4400D34E7A /* ResultViewController.swift in Sources */ = {isa = PBXBuildFile; fileRef = CCA089781FB1EA4400D34E7A /* ResultViewController.swift */; };
		CCD35D5C1FB43B9E001DCA62 /* KDCircularProgress.swift in Sources */ = {isa = PBXBuildFile; fileRef = CCD35D5B1FB43B9E001DCA62 /* KDCircularProgress.swift */; };
		CCD35D621FB49639001DCA62 /* ThemesViewController.swift in Sources */ = {isa = PBXBuildFile; fileRef = CCD35D611FB49639001DCA62 /* ThemesViewController.swift */; };
		CCDB42CF1FEBABD400466569 /* kitchen.xml in Resources */ = {isa = PBXBuildFile; fileRef = CCDB42C71FEBABD300466569 /* kitchen.xml */; };
		CCDB42D01FEBABD400466569 /* music.xml in Resources */ = {isa = PBXBuildFile; fileRef = CCDB42C81FEBABD300466569 /* music.xml */; };
		CCDB42D11FEBABD400466569 /* history.xml in Resources */ = {isa = PBXBuildFile; fileRef = CCDB42C91FEBABD400466569 /* history.xml */; };
		CCDB42D21FEBABD400466569 /* tradition.xml in Resources */ = {isa = PBXBuildFile; fileRef = CCDB42CA1FEBABD400466569 /* tradition.xml */; };
		CCDB42D31FEBABD400466569 /* islam.xml in Resources */ = {isa = PBXBuildFile; fileRef = CCDB42CB1FEBABD400466569 /* islam.xml */; };
		CCDB42D41FEBABD400466569 /* language.xml in Resources */ = {isa = PBXBuildFile; fileRef = CCDB42CC1FEBABD400466569 /* language.xml */; };
		CCDB42D51FEBABD400466569 /* literature.xml in Resources */ = {isa = PBXBuildFile; fileRef = CCDB42CD1FEBABD400466569 /* literature.xml */; };
		CCDB42D61FEBABD400466569 /* toponimika.xml in Resources */ = {isa = PBXBuildFile; fileRef = CCDB42CE1FEBABD400466569 /* toponimika.xml */; };
		CCDDFDEB1FB73766007477B1 /* StatViewController.swift in Sources */ = {isa = PBXBuildFile; fileRef = CCDDFDEA1FB73766007477B1 /* StatViewController.swift */; };
		F80B171B1F234ED7003892AA /* AppDelegate.swift in Sources */ = {isa = PBXBuildFile; fileRef = F80B171A1F234ED7003892AA /* AppDelegate.swift */; };
		F80B171D1F234ED7003892AA /* ViewController.swift in Sources */ = {isa = PBXBuildFile; fileRef = F80B171C1F234ED7003892AA /* ViewController.swift */; };
		F80B17201F234ED7003892AA /* Main.storyboard in Resources */ = {isa = PBXBuildFile; fileRef = F80B171E1F234ED7003892AA /* Main.storyboard */; };
		F80B17231F234ED7003892AA /* Imtian.xcdatamodeld in Sources */ = {isa = PBXBuildFile; fileRef = F80B17211F234ED7003892AA /* Imtian.xcdatamodeld */; };
		F80B17251F234ED7003892AA /* Assets.xcassets in Resources */ = {isa = PBXBuildFile; fileRef = F80B17241F234ED7003892AA /* Assets.xcassets */; };
		F80B17281F234ED7003892AA /* LaunchScreen.storyboard in Resources */ = {isa = PBXBuildFile; fileRef = F80B17261F234ED7003892AA /* LaunchScreen.storyboard */; };
		F80B17361F23A290003892AA /* QuestionViewController.swift in Sources */ = {isa = PBXBuildFile; fileRef = F80B17351F23A290003892AA /* QuestionViewController.swift */; };
		F80B17381F23A33F003892AA /* LevelViewController.swift in Sources */ = {isa = PBXBuildFile; fileRef = F80B17371F23A33F003892AA /* LevelViewController.swift */; };
		F84F88401F8D057800E4E9D2 /* AboutViewController.swift in Sources */ = {isa = PBXBuildFile; fileRef = F84F883F1F8D057800E4E9D2 /* AboutViewController.swift */; };
		F85E15A81F3F0374006819DD /* themes.xml in Resources */ = {isa = PBXBuildFile; fileRef = F85E15A51F3F0374006819DD /* themes.xml */; };
		F85E15AC1F3F2CA9006819DD /* QuestionDataClass.swift in Sources */ = {isa = PBXBuildFile; fileRef = F85E15AB1F3F2CA9006819DD /* QuestionDataClass.swift */; };
/* End PBXBuildFile section */

/* Begin PBXFileReference section */
		CCA089331FB1C82400D34E7A /* KeyboardLayoutConstraint.swift */ = {isa = PBXFileReference; fileEncoding = 4; lastKnownFileType = sourcecode.swift; name = KeyboardLayoutConstraint.swift; path = Imtian/Libraries/Spring/KeyboardLayoutConstraint.swift; sourceTree = SOURCE_ROOT; };
		CCA089341FB1C82400D34E7A /* AutoTextView.swift */ = {isa = PBXFileReference; fileEncoding = 4; lastKnownFileType = sourcecode.swift; name = AutoTextView.swift; path = Imtian/Libraries/Spring/AutoTextView.swift; sourceTree = SOURCE_ROOT; };
		CCA089351FB1C82400D34E7A /* SpringTextView.swift */ = {isa = PBXFileReference; fileEncoding = 4; lastKnownFileType = sourcecode.swift; name = SpringTextView.swift; path = Imtian/Libraries/Spring/SpringTextView.swift; sourceTree = SOURCE_ROOT; };
		CCA089361FB1C82400D34E7A /* SpringTextField.swift */ = {isa = PBXFileReference; fileEncoding = 4; lastKnownFileType = sourcecode.swift; name = SpringTextField.swift; path = Imtian/Libraries/Spring/SpringTextField.swift; sourceTree = SOURCE_ROOT; };
		CCA089371FB1C82400D34E7A /* SpringAnimation.swift */ = {isa = PBXFileReference; fileEncoding = 4; lastKnownFileType = sourcecode.swift; name = SpringAnimation.swift; path = Imtian/Libraries/Spring/SpringAnimation.swift; sourceTree = SOURCE_ROOT; };
		CCA089381FB1C82400D34E7A /* Spring.h */ = {isa = PBXFileReference; fileEncoding = 4; lastKnownFileType = sourcecode.c.h; name = Spring.h; path = Imtian/Libraries/Spring/Spring.h; sourceTree = SOURCE_ROOT; };
		CCA089391FB1C82500D34E7A /* DesignableLabel.swift */ = {isa = PBXFileReference; fileEncoding = 4; lastKnownFileType = sourcecode.swift; name = DesignableLabel.swift; path = Imtian/Libraries/Spring/DesignableLabel.swift; sourceTree = SOURCE_ROOT; };
		CCA0893A1FB1C82500D34E7A /* DesignableButton.swift */ = {isa = PBXFileReference; fileEncoding = 4; lastKnownFileType = sourcecode.swift; name = DesignableButton.swift; path = Imtian/Libraries/Spring/DesignableButton.swift; sourceTree = SOURCE_ROOT; };
		CCA0893B1FB1C82500D34E7A /* Misc.swift */ = {isa = PBXFileReference; fileEncoding = 4; lastKnownFileType = sourcecode.swift; name = Misc.swift; path = Imtian/Libraries/Spring/Misc.swift; sourceTree = SOURCE_ROOT; };
		CCA0893C1FB1C82500D34E7A /* SoundPlayer.swift */ = {isa = PBXFileReference; fileEncoding = 4; lastKnownFileType = sourcecode.swift; name = SoundPlayer.swift; path = Imtian/Libraries/Spring/SoundPlayer.swift; sourceTree = SOURCE_ROOT; };
		CCA0893D1FB1C82500D34E7A /* SpringButton.swift */ = {isa = PBXFileReference; fileEncoding = 4; lastKnownFileType = sourcecode.swift; name = SpringButton.swift; path = Imtian/Libraries/Spring/SpringButton.swift; sourceTree = SOURCE_ROOT; };
		CCA0893E1FB1C82500D34E7A /* LoadingView.swift */ = {isa = PBXFileReference; fileEncoding = 4; lastKnownFileType = sourcecode.swift; name = LoadingView.swift; path = Imtian/Libraries/Spring/LoadingView.swift; sourceTree = SOURCE_ROOT; };
		CCA0893F1FB1C82500D34E7A /* Spring.swift */ = {isa = PBXFileReference; fileEncoding = 4; lastKnownFileType = sourcecode.swift; name = Spring.swift; path = Imtian/Libraries/Spring/Spring.swift; sourceTree = SOURCE_ROOT; };
		CCA089401FB1C82500D34E7A /* AsyncImageView.swift */ = {isa = PBXFileReference; fileEncoding = 4; lastKnownFileType = sourcecode.swift; name = AsyncImageView.swift; path = Imtian/Libraries/Spring/AsyncImageView.swift; sourceTree = SOURCE_ROOT; };
		CCA089411FB1C82500D34E7A /* DesignableImageView.swift */ = {isa = PBXFileReference; fileEncoding = 4; lastKnownFileType = sourcecode.swift; name = DesignableImageView.swift; path = Imtian/Libraries/Spring/DesignableImageView.swift; sourceTree = SOURCE_ROOT; };
		CCA089421FB1C82500D34E7A /* AsyncButton.swift */ = {isa = PBXFileReference; fileEncoding = 4; lastKnownFileType = sourcecode.swift; name = AsyncButton.swift; path = Imtian/Libraries/Spring/AsyncButton.swift; sourceTree = SOURCE_ROOT; };
		CCA089431FB1C82500D34E7A /* DesignableView.swift */ = {isa = PBXFileReference; fileEncoding = 4; lastKnownFileType = sourcecode.swift; name = DesignableView.swift; path = Imtian/Libraries/Spring/DesignableView.swift; sourceTree = SOURCE_ROOT; };
		CCA089441FB1C82600D34E7A /* Info.plist */ = {isa = PBXFileReference; fileEncoding = 4; lastKnownFileType = text.plist.xml; name = Info.plist; path = Imtian/Libraries/Spring/Info.plist; sourceTree = SOURCE_ROOT; };
		CCA089451FB1C82600D34E7A /* SpringView.swift */ = {isa = PBXFileReference; fileEncoding = 4; lastKnownFileType = sourcecode.swift; name = SpringView.swift; path = Imtian/Libraries/Spring/SpringView.swift; sourceTree = SOURCE_ROOT; };
		CCA089461FB1C82600D34E7A /* DesignableTabBarController.swift */ = {isa = PBXFileReference; fileEncoding = 4; lastKnownFileType = sourcecode.swift; name = DesignableTabBarController.swift; path = Imtian/Libraries/Spring/DesignableTabBarController.swift; sourceTree = SOURCE_ROOT; };
		CCA089471FB1C82600D34E7A /* TransitionManager.swift */ = {isa = PBXFileReference; fileEncoding = 4; lastKnownFileType = sourcecode.swift; name = TransitionManager.swift; path = Imtian/Libraries/Spring/TransitionManager.swift; sourceTree = SOURCE_ROOT; };
		CCA089481FB1C82600D34E7A /* BlurView.swift */ = {isa = PBXFileReference; fileEncoding = 4; lastKnownFileType = sourcecode.swift; name = BlurView.swift; path = Imtian/Libraries/Spring/BlurView.swift; sourceTree = SOURCE_ROOT; };
		CCA089491FB1C82600D34E7A /* UnwindSegue.swift */ = {isa = PBXFileReference; fileEncoding = 4; lastKnownFileType = sourcecode.swift; name = UnwindSegue.swift; path = Imtian/Libraries/Spring/UnwindSegue.swift; sourceTree = SOURCE_ROOT; };
		CCA0894A1FB1C82600D34E7A /* SpringImageView.swift */ = {isa = PBXFileReference; fileEncoding = 4; lastKnownFileType = sourcecode.swift; name = SpringImageView.swift; path = Imtian/Libraries/Spring/SpringImageView.swift; sourceTree = SOURCE_ROOT; };
		CCA0894B1FB1C82600D34E7A /* TransitionZoom.swift */ = {isa = PBXFileReference; fileEncoding = 4; lastKnownFileType = sourcecode.swift; name = TransitionZoom.swift; path = Imtian/Libraries/Spring/TransitionZoom.swift; sourceTree = SOURCE_ROOT; };
		CCA0894C1FB1C82700D34E7A /* SpringLabel.swift */ = {isa = PBXFileReference; fileEncoding = 4; lastKnownFileType = sourcecode.swift; name = SpringLabel.swift; path = Imtian/Libraries/Spring/SpringLabel.swift; sourceTree = SOURCE_ROOT; };
		CCA0894D1FB1C82700D34E7A /* ImageLoader.swift */ = {isa = PBXFileReference; fileEncoding = 4; lastKnownFileType = sourcecode.swift; name = ImageLoader.swift; path = Imtian/Libraries/Spring/ImageLoader.swift; sourceTree = SOURCE_ROOT; };
		CCA0894E1FB1C82700D34E7A /* DesignableTextView.swift */ = {isa = PBXFileReference; fileEncoding = 4; lastKnownFileType = sourcecode.swift; name = DesignableTextView.swift; path = Imtian/Libraries/Spring/DesignableTextView.swift; sourceTree = SOURCE_ROOT; };
		CCA0894F1FB1C82700D34E7A /* DesignableTextField.swift */ = {isa = PBXFileReference; fileEncoding = 4; lastKnownFileType = sourcecode.swift; name = DesignableTextField.swift; path = Imtian/Libraries/Spring/DesignableTextField.swift; sourceTree = SOURCE_ROOT; };
		CCA089501FB1C82700D34E7A /* LoadingView.xib */ = {isa = PBXFileReference; fileEncoding = 4; lastKnownFileType = file.xib; name = LoadingView.xib; path = Imtian/Libraries/Spring/LoadingView.xib; sourceTree = SOURCE_ROOT; };
		CCA089781FB1EA4400D34E7A /* ResultViewController.swift */ = {isa = PBXFileReference; lastKnownFileType = sourcecode.swift; path = ResultViewController.swift; sourceTree = "<group>"; };
		CCD35D5B1FB43B9E001DCA62 /* KDCircularProgress.swift */ = {isa = PBXFileReference; lastKnownFileType = sourcecode.swift; path = KDCircularProgress.swift; sourceTree = "<group>"; };
		CCD35D611FB49639001DCA62 /* ThemesViewController.swift */ = {isa = PBXFileReference; lastKnownFileType = sourcecode.swift; path = ThemesViewController.swift; sourceTree = "<group>"; };
		CCDB42C71FEBABD300466569 /* kitchen.xml */ = {isa = PBXFileReference; fileEncoding = 4; lastKnownFileType = text.xml; name = kitchen.xml; path = data/kitchen.xml; sourceTree = "<group>"; };
		CCDB42C81FEBABD300466569 /* music.xml */ = {isa = PBXFileReference; fileEncoding = 4; lastKnownFileType = text.xml; name = music.xml; path = data/music.xml; sourceTree = "<group>"; };
		CCDB42C91FEBABD400466569 /* history.xml */ = {isa = PBXFileReference; fileEncoding = 4; lastKnownFileType = text.xml; name = history.xml; path = data/history.xml; sourceTree = "<group>"; };
		CCDB42CA1FEBABD400466569 /* tradition.xml */ = {isa = PBXFileReference; fileEncoding = 4; lastKnownFileType = text.xml; name = tradition.xml; path = data/tradition.xml; sourceTree = "<group>"; };
		CCDB42CB1FEBABD400466569 /* islam.xml */ = {isa = PBXFileReference; fileEncoding = 4; lastKnownFileType = text.xml; name = islam.xml; path = data/islam.xml; sourceTree = "<group>"; };
		CCDB42CC1FEBABD400466569 /* language.xml */ = {isa = PBXFileReference; fileEncoding = 4; lastKnownFileType = text.xml; name = language.xml; path = data/language.xml; sourceTree = "<group>"; };
		CCDB42CD1FEBABD400466569 /* literature.xml */ = {isa = PBXFileReference; fileEncoding = 4; lastKnownFileType = text.xml; name = literature.xml; path = data/literature.xml; sourceTree = "<group>"; };
		CCDB42CE1FEBABD400466569 /* toponimika.xml */ = {isa = PBXFileReference; fileEncoding = 4; lastKnownFileType = text.xml; name = toponimika.xml; path = data/toponimika.xml; sourceTree = "<group>"; };
		CCDDFDEA1FB73766007477B1 /* StatViewController.swift */ = {isa = PBXFileReference; lastKnownFileType = sourcecode.swift; path = StatViewController.swift; sourceTree = "<group>"; };
		F80B17171F234ED7003892AA /* Imtian.app */ = {isa = PBXFileReference; explicitFileType = wrapper.application; includeInIndex = 0; path = Imtian.app; sourceTree = BUILT_PRODUCTS_DIR; };
		F80B171A1F234ED7003892AA /* AppDelegate.swift */ = {isa = PBXFileReference; lastKnownFileType = sourcecode.swift; path = AppDelegate.swift; sourceTree = "<group>"; };
		F80B171C1F234ED7003892AA /* ViewController.swift */ = {isa = PBXFileReference; lastKnownFileType = sourcecode.swift; path = ViewController.swift; sourceTree = "<group>"; };
		F80B171F1F234ED7003892AA /* Base */ = {isa = PBXFileReference; lastKnownFileType = file.storyboard; name = Base; path = Base.lproj/Main.storyboard; sourceTree = "<group>"; };
		F80B17221F234ED7003892AA /* Imtian.xcdatamodel */ = {isa = PBXFileReference; lastKnownFileType = wrapper.xcdatamodel; path = Imtian.xcdatamodel; sourceTree = "<group>"; };
		F80B17241F234ED7003892AA /* Assets.xcassets */ = {isa = PBXFileReference; lastKnownFileType = folder.assetcatalog; path = Assets.xcassets; sourceTree = "<group>"; };
		F80B17271F234ED7003892AA /* Base */ = {isa = PBXFileReference; lastKnownFileType = file.storyboard; name = Base; path = Base.lproj/LaunchScreen.storyboard; sourceTree = "<group>"; };
		F80B17291F234ED7003892AA /* Info.plist */ = {isa = PBXFileReference; lastKnownFileType = text.plist.xml; path = Info.plist; sourceTree = "<group>"; };
		F80B17351F23A290003892AA /* QuestionViewController.swift */ = {isa = PBXFileReference; fileEncoding = 4; lastKnownFileType = sourcecode.swift; path = QuestionViewController.swift; sourceTree = "<group>"; };
		F80B17371F23A33F003892AA /* LevelViewController.swift */ = {isa = PBXFileReference; fileEncoding = 4; lastKnownFileType = sourcecode.swift; path = LevelViewController.swift; sourceTree = "<group>"; };
		F84F883F1F8D057800E4E9D2 /* AboutViewController.swift */ = {isa = PBXFileReference; lastKnownFileType = sourcecode.swift; path = AboutViewController.swift; sourceTree = "<group>"; };
		F85E15A51F3F0374006819DD /* themes.xml */ = {isa = PBXFileReference; fileEncoding = 4; lastKnownFileType = text.xml; name = themes.xml; path = data/themes.xml; sourceTree = "<group>"; };
		F85E15AB1F3F2CA9006819DD /* QuestionDataClass.swift */ = {isa = PBXFileReference; fileEncoding = 4; lastKnownFileType = sourcecode.swift; path = QuestionDataClass.swift; sourceTree = "<group>"; };
/* End PBXFileReference section */

/* Begin PBXFrameworksBuildPhase section */
		F80B17141F234ED7003892AA /* Frameworks */ = {
			isa = PBXFrameworksBuildPhase;
			buildActionMask = 2147483647;
			files = (
			);
			runOnlyForDeploymentPostprocessing = 0;
		};
/* End PBXFrameworksBuildPhase section */

/* Begin PBXGroup section */
		CCA0892D1FB1C7A900D34E7A /* Libraries */ = {
			isa = PBXGroup;
			children = (
				CCA089321FB1C80000D34E7A /* Spring */,
				CCD35D5B1FB43B9E001DCA62 /* KDCircularProgress.swift */,
			);
			name = Libraries;
			path = "New Group";
			sourceTree = "<group>";
		};
		CCA089321FB1C80000D34E7A /* Spring */ = {
			isa = PBXGroup;
			children = (
				CCA089421FB1C82500D34E7A /* AsyncButton.swift */,
				CCA089401FB1C82500D34E7A /* AsyncImageView.swift */,
				CCA089341FB1C82400D34E7A /* AutoTextView.swift */,
				CCA089481FB1C82600D34E7A /* BlurView.swift */,
				CCA0893A1FB1C82500D34E7A /* DesignableButton.swift */,
				CCA089411FB1C82500D34E7A /* DesignableImageView.swift */,
				CCA089391FB1C82500D34E7A /* DesignableLabel.swift */,
				CCA089461FB1C82600D34E7A /* DesignableTabBarController.swift */,
				CCA0894F1FB1C82700D34E7A /* DesignableTextField.swift */,
				CCA0894E1FB1C82700D34E7A /* DesignableTextView.swift */,
				CCA089431FB1C82500D34E7A /* DesignableView.swift */,
				CCA0894D1FB1C82700D34E7A /* ImageLoader.swift */,
				CCA089441FB1C82600D34E7A /* Info.plist */,
				CCA089331FB1C82400D34E7A /* KeyboardLayoutConstraint.swift */,
				CCA0893E1FB1C82500D34E7A /* LoadingView.swift */,
				CCA089501FB1C82700D34E7A /* LoadingView.xib */,
				CCA0893B1FB1C82500D34E7A /* Misc.swift */,
				CCA0893C1FB1C82500D34E7A /* SoundPlayer.swift */,
				CCA089381FB1C82400D34E7A /* Spring.h */,
				CCA0893F1FB1C82500D34E7A /* Spring.swift */,
				CCA089371FB1C82400D34E7A /* SpringAnimation.swift */,
				CCA0893D1FB1C82500D34E7A /* SpringButton.swift */,
				CCA0894A1FB1C82600D34E7A /* SpringImageView.swift */,
				CCA0894C1FB1C82700D34E7A /* SpringLabel.swift */,
				CCA089361FB1C82400D34E7A /* SpringTextField.swift */,
				CCA089351FB1C82400D34E7A /* SpringTextView.swift */,
				CCA089451FB1C82600D34E7A /* SpringView.swift */,
				CCA089471FB1C82600D34E7A /* TransitionManager.swift */,
				CCA0894B1FB1C82600D34E7A /* TransitionZoom.swift */,
				CCA089491FB1C82600D34E7A /* UnwindSegue.swift */,
			);
			name = Spring;
			sourceTree = "<group>";
		};
		F80B170E1F234ED7003892AA = {
			isa = PBXGroup;
			children = (
				F80B17191F234ED7003892AA /* Imtian */,
				F80B17181F234ED7003892AA /* Products */,
			);
			sourceTree = "<group>";
		};
		F80B17181F234ED7003892AA /* Products */ = {
			isa = PBXGroup;
			children = (
				F80B17171F234ED7003892AA /* Imtian.app */,
			);
			name = Products;
			sourceTree = "<group>";
		};
		F80B17191F234ED7003892AA /* Imtian */ = {
			isa = PBXGroup;
			children = (
				CCA0892D1FB1C7A900D34E7A /* Libraries */,
				F85E159C1F3EFFF3006819DD /* data */,
				F80B171A1F234ED7003892AA /* AppDelegate.swift */,
				F80B171C1F234ED7003892AA /* ViewController.swift */,
				CCD35D611FB49639001DCA62 /* ThemesViewController.swift */,
				CCA089781FB1EA4400D34E7A /* ResultViewController.swift */,
				F80B171E1F234ED7003892AA /* Main.storyboard */,
				F84F883F1F8D057800E4E9D2 /* AboutViewController.swift */,
				F80B17371F23A33F003892AA /* LevelViewController.swift */,
				F80B17351F23A290003892AA /* QuestionViewController.swift */,
				F80B17241F234ED7003892AA /* Assets.xcassets */,
				F80B17261F234ED7003892AA /* LaunchScreen.storyboard */,
				F80B17291F234ED7003892AA /* Info.plist */,
				F80B17211F234ED7003892AA /* Imtian.xcdatamodeld */,
				F85E15AB1F3F2CA9006819DD /* QuestionDataClass.swift */,
				CCDDFDEA1FB73766007477B1 /* StatViewController.swift */,
			);
			path = Imtian;
			sourceTree = "<group>";
		};
		F85E159C1F3EFFF3006819DD /* data */ = {
			isa = PBXGroup;
			children = (
				CCDB42C91FEBABD400466569 /* history.xml */,
				CCDB42CB1FEBABD400466569 /* islam.xml */,
				CCDB42C71FEBABD300466569 /* kitchen.xml */,
				CCDB42CC1FEBABD400466569 /* language.xml */,
				CCDB42CD1FEBABD400466569 /* literature.xml */,
				CCDB42C81FEBABD300466569 /* music.xml */,
				CCDB42CE1FEBABD400466569 /* toponimika.xml */,
				CCDB42CA1FEBABD400466569 /* tradition.xml */,
				F85E15A51F3F0374006819DD /* themes.xml */,
			);
			name = data;
			sourceTree = "<group>";
		};
/* End PBXGroup section */

/* Begin PBXNativeTarget section */
		F80B17161F234ED7003892AA /* Imtian */ = {
			isa = PBXNativeTarget;
			buildConfigurationList = F80B172C1F234ED7003892AA /* Build configuration list for PBXNativeTarget "Imtian" */;
			buildPhases = (
				F80B17131F234ED7003892AA /* Sources */,
				F80B17141F234ED7003892AA /* Frameworks */,
				F80B17151F234ED7003892AA /* Resources */,
			);
			buildRules = (
			);
			dependencies = (
			);
			name = Imtian;
			productName = Imtian;
			productReference = F80B17171F234ED7003892AA /* Imtian.app */;
			productType = "com.apple.product-type.application";
		};
/* End PBXNativeTarget section */

/* Begin PBXProject section */
		F80B170F1F234ED7003892AA /* Project object */ = {
			isa = PBXProject;
			attributes = {
				LastSwiftUpdateCheck = 0830;
				LastUpgradeCheck = 0830;
				ORGANIZATIONNAME = MQ;
				TargetAttributes = {
					F80B17161F234ED7003892AA = {
						CreatedOnToolsVersion = 8.3.2;
						DevelopmentTeam = ZXDE6L7K5K;
						ProvisioningStyle = Automatic;
					};
				};
			};
			buildConfigurationList = F80B17121F234ED7003892AA /* Build configuration list for PBXProject "Imtian" */;
			compatibilityVersion = "Xcode 6.3";
			developmentRegion = English;
			hasScannedForEncodings = 0;
			knownRegions = (
				en,
				Base,
			);
			mainGroup = F80B170E1F234ED7003892AA;
			productRefGroup = F80B17181F234ED7003892AA /* Products */;
			projectDirPath = "";
			projectRoot = "";
			targets = (
				F80B17161F234ED7003892AA /* Imtian */,
			);
		};
/* End PBXProject section */

/* Begin PBXResourcesBuildPhase section */
		F80B17151F234ED7003892AA /* Resources */ = {
			isa = PBXResourcesBuildPhase;
			buildActionMask = 2147483647;
			files = (
				F85E15A81F3F0374006819DD /* themes.xml in Resources */,
				CCDB42D01FEBABD400466569 /* music.xml in Resources */,
				F80B17281F234ED7003892AA /* LaunchScreen.storyboard in Resources */,
				CCDB42D41FEBABD400466569 /* language.xml in Resources */,
				CCDB42D61FEBABD400466569 /* toponimika.xml in Resources */,
				CCDB42D11FEBABD400466569 /* history.xml in Resources */,
				CCDB42D31FEBABD400466569 /* islam.xml in Resources */,
				CCDB42D21FEBABD400466569 /* tradition.xml in Resources */,
				F80B17251F234ED7003892AA /* Assets.xcassets in Resources */,
				CCA0896D1FB1C82700D34E7A /* LoadingView.xib in Resources */,
				CCDB42CF1FEBABD400466569 /* kitchen.xml in Resources */,
				F80B17201F234ED7003892AA /* Main.storyboard in Resources */,
				CCDB42D51FEBABD400466569 /* literature.xml in Resources */,
				CCA089611FB1C82700D34E7A /* Info.plist in Resources */,
			);
			runOnlyForDeploymentPostprocessing = 0;
		};
/* End PBXResourcesBuildPhase section */

/* Begin PBXSourcesBuildPhase section */
		F80B17131F234ED7003892AA /* Sources */ = {
			isa = PBXSourcesBuildPhase;
			buildActionMask = 2147483647;
			files = (
				F80B17361F23A290003892AA /* QuestionViewController.swift in Sources */,
				CCA089581FB1C82700D34E7A /* Misc.swift in Sources */,
				CCA0895A1FB1C82700D34E7A /* SpringButton.swift in Sources */,
				CCD35D5C1FB43B9E001DCA62 /* KDCircularProgress.swift in Sources */,
				CCA089601FB1C82700D34E7A /* DesignableView.swift in Sources */,
				F80B17381F23A33F003892AA /* LevelViewController.swift in Sources */,
				F85E15AC1F3F2CA9006819DD /* QuestionDataClass.swift in Sources */,
				CCA089661FB1C82700D34E7A /* UnwindSegue.swift in Sources */,
				CCA0895D1FB1C82700D34E7A /* AsyncImageView.swift in Sources */,
				CCA089591FB1C82700D34E7A /* SoundPlayer.swift in Sources */,
				CCA089511FB1C82700D34E7A /* KeyboardLayoutConstraint.swift in Sources */,
				F80B171D1F234ED7003892AA /* ViewController.swift in Sources */,
				CCA089531FB1C82700D34E7A /* SpringTextView.swift in Sources */,
				CCDDFDEB1FB73766007477B1 /* StatViewController.swift in Sources */,
				F80B17231F234ED7003892AA /* Imtian.xcdatamodeld in Sources */,
				CCD35D621FB49639001DCA62 /* ThemesViewController.swift in Sources */,
				CCA089521FB1C82700D34E7A /* AutoTextView.swift in Sources */,
				CCA0895F1FB1C82700D34E7A /* AsyncButton.swift in Sources */,
				CCA0896B1FB1C82700D34E7A /* DesignableTextView.swift in Sources */,
				CCA089641FB1C82700D34E7A /* TransitionManager.swift in Sources */,
				CCA0896C1FB1C82700D34E7A /* DesignableTextField.swift in Sources */,
				CCA089631FB1C82700D34E7A /* DesignableTabBarController.swift in Sources */,
				CCA089651FB1C82700D34E7A /* BlurView.swift in Sources */,
				CCA0895B1FB1C82700D34E7A /* LoadingView.swift in Sources */,
				CCA089561FB1C82700D34E7A /* DesignableLabel.swift in Sources */,
				CCA089571FB1C82700D34E7A /* DesignableButton.swift in Sources */,
				CCA089671FB1C82700D34E7A /* SpringImageView.swift in Sources */,
				CCA089541FB1C82700D34E7A /* SpringTextField.swift in Sources */,
				CCA089551FB1C82700D34E7A /* SpringAnimation.swift in Sources */,
				F84F88401F8D057800E4E9D2 /* AboutViewController.swift in Sources */,
				CCA089691FB1C82700D34E7A /* SpringLabel.swift in Sources */,
				CCA0896A1FB1C82700D34E7A /* ImageLoader.swift in Sources */,
				CCA0895E1FB1C82700D34E7A /* DesignableImageView.swift in Sources */,
				F80B171B1F234ED7003892AA /* AppDelegate.swift in Sources */,
				CCA0895C1FB1C82700D34E7A /* Spring.swift in Sources */,
				CCA089621FB1C82700D34E7A /* SpringView.swift in Sources */,
				CCA089681FB1C82700D34E7A /* TransitionZoom.swift in Sources */,
				CCA089791FB1EA4400D34E7A /* ResultViewController.swift in Sources */,
			);
			runOnlyForDeploymentPostprocessing = 0;
		};
/* End PBXSourcesBuildPhase section */

/* Begin PBXVariantGroup section */
		F80B171E1F234ED7003892AA /* Main.storyboard */ = {
			isa = PBXVariantGroup;
			children = (
				F80B171F1F234ED7003892AA /* Base */,
			);
			name = Main.storyboard;
			sourceTree = "<group>";
		};
		F80B17261F234ED7003892AA /* LaunchScreen.storyboard */ = {
			isa = PBXVariantGroup;
			children = (
				F80B17271F234ED7003892AA /* Base */,
			);
			name = LaunchScreen.storyboard;
			sourceTree = "<group>";
		};
/* End PBXVariantGroup section */

/* Begin XCBuildConfiguration section */
		F80B172A1F234ED7003892AA /* Debug */ = {
			isa = XCBuildConfiguration;
			buildSettings = {
				ALWAYS_SEARCH_USER_PATHS = NO;
				CLANG_ANALYZER_NONNULL = YES;
				CLANG_ANALYZER_NUMBER_OBJECT_CONVERSION = YES_AGGRESSIVE;
				CLANG_CXX_LANGUAGE_STANDARD = "gnu++0x";
				CLANG_CXX_LIBRARY = "libc++";
				CLANG_ENABLE_MODULES = YES;
				CLANG_ENABLE_OBJC_ARC = YES;
				CLANG_WARN_BOOL_CONVERSION = YES;
				CLANG_WARN_CONSTANT_CONVERSION = YES;
				CLANG_WARN_DIRECT_OBJC_ISA_USAGE = YES_ERROR;
				CLANG_WARN_DOCUMENTATION_COMMENTS = YES;
				CLANG_WARN_EMPTY_BODY = YES;
				CLANG_WARN_ENUM_CONVERSION = YES;
				CLANG_WARN_INFINITE_RECURSION = YES;
				CLANG_WARN_INT_CONVERSION = YES;
				CLANG_WARN_OBJC_ROOT_CLASS = YES_ERROR;
				CLANG_WARN_SUSPICIOUS_MOVE = YES;
				CLANG_WARN_UNREACHABLE_CODE = YES;
				CLANG_WARN__DUPLICATE_METHOD_MATCH = YES;
				"CODE_SIGN_IDENTITY[sdk=iphoneos*]" = "iPhone Developer";
				COPY_PHASE_STRIP = NO;
				DEBUG_INFORMATION_FORMAT = dwarf;
				ENABLE_STRICT_OBJC_MSGSEND = YES;
				ENABLE_TESTABILITY = YES;
				GCC_C_LANGUAGE_STANDARD = gnu99;
				GCC_DYNAMIC_NO_PIC = NO;
				GCC_NO_COMMON_BLOCKS = YES;
				GCC_OPTIMIZATION_LEVEL = 0;
				GCC_PREPROCESSOR_DEFINITIONS = (
					"DEBUG=1",
					"$(inherited)",
				);
				GCC_WARN_64_TO_32_BIT_CONVERSION = YES;
				GCC_WARN_ABOUT_RETURN_TYPE = YES_ERROR;
				GCC_WARN_UNDECLARED_SELECTOR = YES;
				GCC_WARN_UNINITIALIZED_AUTOS = YES_AGGRESSIVE;
				GCC_WARN_UNUSED_FUNCTION = YES;
				GCC_WARN_UNUSED_VARIABLE = YES;
				IPHONEOS_DEPLOYMENT_TARGET = 10.3;
				MTL_ENABLE_DEBUG_INFO = YES;
				ONLY_ACTIVE_ARCH = YES;
				SDKROOT = iphoneos;
				SWIFT_ACTIVE_COMPILATION_CONDITIONS = DEBUG;
				SWIFT_OPTIMIZATION_LEVEL = "-Onone";
			};
			name = Debug;
		};
		F80B172B1F234ED7003892AA /* Release */ = {
			isa = XCBuildConfiguration;
			buildSettings = {
				ALWAYS_SEARCH_USER_PATHS = NO;
				CLANG_ANALYZER_NONNULL = YES;
				CLANG_ANALYZER_NUMBER_OBJECT_CONVERSION = YES_AGGRESSIVE;
				CLANG_CXX_LANGUAGE_STANDARD = "gnu++0x";
				CLANG_CXX_LIBRARY = "libc++";
				CLANG_ENABLE_MODULES = YES;
				CLANG_ENABLE_OBJC_ARC = YES;
				CLANG_WARN_BOOL_CONVERSION = YES;
				CLANG_WARN_CONSTANT_CONVERSION = YES;
				CLANG_WARN_DIRECT_OBJC_ISA_USAGE = YES_ERROR;
				CLANG_WARN_DOCUMENTATION_COMMENTS = YES;
				CLANG_WARN_EMPTY_BODY = YES;
				CLANG_WARN_ENUM_CONVERSION = YES;
				CLANG_WARN_INFINITE_RECURSION = YES;
				CLANG_WARN_INT_CONVERSION = YES;
				CLANG_WARN_OBJC_ROOT_CLASS = YES_ERROR;
				CLANG_WARN_SUSPICIOUS_MOVE = YES;
				CLANG_WARN_UNREACHABLE_CODE = YES;
				CLANG_WARN__DUPLICATE_METHOD_MATCH = YES;
				"CODE_SIGN_IDENTITY[sdk=iphoneos*]" = "iPhone Developer";
				COPY_PHASE_STRIP = NO;
				DEBUG_INFORMATION_FORMAT = "dwarf-with-dsym";
				ENABLE_NS_ASSERTIONS = NO;
				ENABLE_STRICT_OBJC_MSGSEND = YES;
				GCC_C_LANGUAGE_STANDARD = gnu99;
				GCC_NO_COMMON_BLOCKS = YES;
				GCC_WARN_64_TO_32_BIT_CONVERSION = YES;
				GCC_WARN_ABOUT_RETURN_TYPE = YES_ERROR;
				GCC_WARN_UNDECLARED_SELECTOR = YES;
				GCC_WARN_UNINITIALIZED_AUTOS = YES_AGGRESSIVE;
				GCC_WARN_UNUSED_FUNCTION = YES;
				GCC_WARN_UNUSED_VARIABLE = YES;
				IPHONEOS_DEPLOYMENT_TARGET = 10.3;
				MTL_ENABLE_DEBUG_INFO = NO;
				SDKROOT = iphoneos;
				SWIFT_OPTIMIZATION_LEVEL = "-Owholemodule";
				VALIDATE_PRODUCT = YES;
			};
			name = Release;
		};
		F80B172D1F234ED7003892AA /* Debug */ = {
			isa = XCBuildConfiguration;
			buildSettings = {
				ASSETCATALOG_COMPILER_APPICON_NAME = AppIcon;
				DEVELOPMENT_TEAM = ZXDE6L7K5K;
				INFOPLIST_FILE = Imtian/Info.plist;
				IPHONEOS_DEPLOYMENT_TARGET = 9.0;
				LD_RUNPATH_SEARCH_PATHS = "$(inherited) @executable_path/Frameworks";
				PRODUCT_BUNDLE_IDENTIFIER = ey.self.Imtian;
				PRODUCT_NAME = "$(TARGET_NAME)";
				SWIFT_VERSION = 4.0;
			};
			name = Debug;
		};
		F80B172E1F234ED7003892AA /* Release */ = {
			isa = XCBuildConfiguration;
			buildSettings = {
				ASSETCATALOG_COMPILER_APPICON_NAME = AppIcon;
				DEVELOPMENT_TEAM = ZXDE6L7K5K;
				INFOPLIST_FILE = Imtian/Info.plist;
				IPHONEOS_DEPLOYMENT_TARGET = 9.0;
				LD_RUNPATH_SEARCH_PATHS = "$(inherited) @executable_path/Frameworks";
				PRODUCT_BUNDLE_IDENTIFIER = ey.self.Imtian;
				PRODUCT_NAME = "$(TARGET_NAME)";
				SWIFT_VERSION = 4.0;
			};
			name = Release;
		};
/* End XCBuildConfiguration section */

/* Begin XCConfigurationList section */
		F80B17121F234ED7003892AA /* Build configuration list for PBXProject "Imtian" */ = {
			isa = XCConfigurationList;
			buildConfigurations = (
				F80B172A1F234ED7003892AA /* Debug */,
				F80B172B1F234ED7003892AA /* Release */,
			);
			defaultConfigurationIsVisible = 0;
			defaultConfigurationName = Release;
		};
		F80B172C1F234ED7003892AA /* Build configuration list for PBXNativeTarget "Imtian" */ = {
			isa = XCConfigurationList;
			buildConfigurations = (
				F80B172D1F234ED7003892AA /* Debug */,
				F80B172E1F234ED7003892AA /* Release */,
			);
			defaultConfigurationIsVisible = 0;
			defaultConfigurationName = Release;
		};
/* End XCConfigurationList section */

/* Begin XCVersionGroup section */
		F80B17211F234ED7003892AA /* Imtian.xcdatamodeld */ = {
			isa = XCVersionGroup;
			children = (
				F80B17221F234ED7003892AA /* Imtian.xcdatamodel */,
			);
			currentVersion = F80B17221F234ED7003892AA /* Imtian.xcdatamodel */;
			path = Imtian.xcdatamodeld;
			sourceTree = "<group>";
			versionGroupType = wrapper.xcdatamodel;
		};
/* End XCVersionGroup section */
	};
	rootObject = F80B170F1F234ED7003892AA /* Project object */;
}
